
Microsoft Visual Studio Solution File, Format Version 12.00
# Visual Studio Version 16
VisualStudioVersion = 16.0.29009.5
MinimumVisualStudioVersion = 10.0.40219.1
Project("{FAE04EC0-301F-11D3-BF4B-00C04F79EFBC}") = "Dip_2019_Challenge_Semester2", "Dip_2019_Challenge_Semester2\Dip_2019_Challenge_Semester2.csproj", "{8C59B898-15E5-4B85-8F70-6EF17D75C2C0}"
EndProject
Project("{00D1A9C2-B5F0-4AF3-8072-F6C62B433612}") = "BasketballTeamsDB", "BasketballTeamsDB\BasketballTeamsDB.sqlproj", "{816E5CC9-8071-4239-8C29-C4C9797FD30A}"
EndProject
Global
	GlobalSection(SolutionConfigurationPlatforms) = preSolution
		Debug|Any CPU = Debug|Any CPU
		Release|Any CPU = Release|Any CPU
	EndGlobalSection
	GlobalSection(ProjectConfigurationPlatforms) = postSolution
		{8C59B898-15E5-4B85-8F70-6EF17D75C2C0}.Debug|Any CPU.ActiveCfg = Debug|Any CPU
		{8C59B898-15E5-4B85-8F70-6EF17D75C2C0}.Debug|Any CPU.Build.0 = Debug|Any CPU
		{8C59B898-15E5-4B85-8F70-6EF17D75C2C0}.Release|Any CPU.ActiveCfg = Release|Any CPU
		{8C59B898-15E5-4B85-8F70-6EF17D75C2C0}.Release|Any CPU.Build.0 = Release|Any CPU
		{816E5CC9-8071-4239-8C29-C4C9797FD30A}.Debug|Any CPU.ActiveCfg = Debug|Any CPU
		{816E5CC9-8071-4239-8C29-C4C9797FD30A}.Debug|Any CPU.Build.0 = Debug|Any CPU
		{816E5CC9-8071-4239-8C29-C4C9797FD30A}.Debug|Any CPU.Deploy.0 = Debug|Any CPU
		{816E5CC9-8071-4239-8C29-C4C9797FD30A}.Release|Any CPU.ActiveCfg = Release|Any CPU
		{816E5CC9-8071-4239-8C29-C4C9797FD30A}.Release|Any CPU.Build.0 = Release|Any CPU
		{816E5CC9-8071-4239-8C29-C4C9797FD30A}.Release|Any CPU.Deploy.0 = Release|Any CPU
	EndGlobalSection
	GlobalSection(SolutionProperties) = preSolution
		HideSolutionNode = FALSE
	EndGlobalSection
	GlobalSection(ExtensibilityGlobals) = postSolution
		SolutionGuid = {EBB9193D-CFA1-47C1-99F0-132AD7F94BF5}
	EndGlobalSection
EndGlobal
